
Microsoft Visual Studio Solution File, Format Version 12.00
# Visual Studio 15
VisualStudioVersion = 15.0.27130.2010
MinimumVisualStudioVersion = 10.0.40219.1
Project("{FAE04EC0-301F-11D3-BF4B-00C04F79EFBC}") = "Lab1", "Lab1\Lab1.csproj", "{A6E37163-EC14-41E3-89B1-5B97686FADBF}"
EndProject
Project("{FAE04EC0-301F-11D3-BF4B-00C04F79EFBC}") = "Lab1_task2", "Lab1_task2\Lab1_task2.csproj", "{82DFD37F-7023-4937-8E75-9A953CEC071E}"
EndProject
Global
	GlobalSection(SolutionConfigurationPlatforms) = preSolution
		Debug|Any CPU = Debug|Any CPU
		Release|Any CPU = Release|Any CPU
	EndGlobalSection
	GlobalSection(ProjectConfigurationPlatforms) = postSolution
		{A6E37163-EC14-41E3-89B1-5B97686FADBF}.Debug|Any CPU.ActiveCfg = Debug|Any CPU
		{A6E37163-EC14-41E3-89B1-5B97686FADBF}.Debug|Any CPU.Build.0 = Debug|Any CPU
		{A6E37163-EC14-41E3-89B1-5B97686FADBF}.Release|Any CPU.ActiveCfg = Release|Any CPU
		{A6E37163-EC14-41E3-89B1-5B97686FADBF}.Release|Any CPU.Build.0 = Release|Any CPU
		{82DFD37F-7023-4937-8E75-9A953CEC071E}.Debug|Any CPU.ActiveCfg = Debug|Any CPU
		{82DFD37F-7023-4937-8E75-9A953CEC071E}.Debug|Any CPU.Build.0 = Debug|Any CPU
		{82DFD37F-7023-4937-8E75-9A953CEC071E}.Release|Any CPU.ActiveCfg = Release|Any CPU
		{82DFD37F-7023-4937-8E75-9A953CEC071E}.Release|Any CPU.Build.0 = Release|Any CPU
	EndGlobalSection
	GlobalSection(SolutionProperties) = preSolution
		HideSolutionNode = FALSE
	EndGlobalSection
	GlobalSection(ExtensibilityGlobals) = postSolution
		SolutionGuid = {67C2EF23-F108-4B51-80A3-ADFE73C1C38C}
	EndGlobalSection
EndGlobal
